
Microsoft Visual Studio Solution File, Format Version 12.00
# Visual Studio 15
VisualStudioVersion = 15.0.27428.2005
MinimumVisualStudioVersion = 10.0.40219.1
Project("{FAE04EC0-301F-11D3-BF4B-00C04F79EFBC}") = "Sid", "Sid\Sid.csproj", "{79EAB7AD-3A6C-4829-BBAD-77BF798D3789}"
EndProject
Project("{FAE04EC0-301F-11D3-BF4B-00C04F79EFBC}") = "Sid.Models", "Sid.Models\Sid.Models.csproj", "{5E25750F-2037-4653-ADBE-2C6BFE23BDE3}"
EndProject
Project("{FAE04EC0-301F-11D3-BF4B-00C04F79EFBC}") = "Sid.Expressions", "Sid.Expressions\Sid.Expressions.csproj", "{091B2974-E44B-49C4-A3AA-355FC2558FEF}"
EndProject
Global
	GlobalSection(SolutionConfigurationPlatforms) = preSolution
		Debug|Any CPU = Debug|Any CPU
		Release|Any CPU = Release|Any CPU
	EndGlobalSection
	GlobalSection(ProjectConfigurationPlatforms) = postSolution
		{79EAB7AD-3A6C-4829-BBAD-77BF798D3789}.Debug|Any CPU.ActiveCfg = Debug|Any CPU
		{79EAB7AD-3A6C-4829-BBAD-77BF798D3789}.Debug|Any CPU.Build.0 = Debug|Any CPU
		{79EAB7AD-3A6C-4829-BBAD-77BF798D3789}.Release|Any CPU.ActiveCfg = Release|Any CPU
		{79EAB7AD-3A6C-4829-BBAD-77BF798D3789}.Release|Any CPU.Build.0 = Release|Any CPU
		{5E25750F-2037-4653-ADBE-2C6BFE23BDE3}.Debug|Any CPU.ActiveCfg = Debug|Any CPU
		{5E25750F-2037-4653-ADBE-2C6BFE23BDE3}.Debug|Any CPU.Build.0 = Debug|Any CPU
		{5E25750F-2037-4653-ADBE-2C6BFE23BDE3}.Release|Any CPU.ActiveCfg = Release|Any CPU
		{5E25750F-2037-4653-ADBE-2C6BFE23BDE3}.Release|Any CPU.Build.0 = Release|Any CPU
		{091B2974-E44B-49C4-A3AA-355FC2558FEF}.Debug|Any CPU.ActiveCfg = Debug|Any CPU
		{091B2974-E44B-49C4-A3AA-355FC2558FEF}.Debug|Any CPU.Build.0 = Debug|Any CPU
		{091B2974-E44B-49C4-A3AA-355FC2558FEF}.Release|Any CPU.ActiveCfg = Release|Any CPU
		{091B2974-E44B-49C4-A3AA-355FC2558FEF}.Release|Any CPU.Build.0 = Release|Any CPU
	EndGlobalSection
	GlobalSection(SolutionProperties) = preSolution
		HideSolutionNode = FALSE
	EndGlobalSection
	GlobalSection(ExtensibilityGlobals) = postSolution
		SolutionGuid = {1B2A28EB-0D30-4388-B235-F6F5054D830B}
	EndGlobalSection
EndGlobal
